{
  "name": "copilot-cli-install",
  "version": "0.0.0",
  "lockfileVersion": 3,
  "requires": true,
  "packages": {
    "": {
      "name": "copilot-cli-install",
      "version": "0.0.0",
      "dependencies": {
        "@github/copilot": "1.0.57"
      }
    },
    "node_modules/@github/copilot": {
      "version": "1.0.57",
      "resolved": "https://registry.npmjs.org/@github/copilot/-/copilot-1.0.57.tgz",
      "integrity": "sha512-7dpOu9/qiodmFohZVpTxYmTcjbcXfstWeHof0Ka5RkhguKMkbS3c+sW23a7TTjtlViTV73z+IZFfFW1ru621kw==",
      "license": "SEE LICENSE IN LICENSE.md",
      "dependencies": {
        "detect-libc": "^2.1.2"
      },
      "bin": {
        "copilot": "npm-loader.js"
      },
      "optionalDependencies": {
        "@github/copilot-darwin-arm64": "1.0.57",
        "@github/copilot-darwin-x64": "1.0.57",
        "@github/copilot-linux-arm64": "1.0.57",
        "@github/copilot-linux-x64": "1.0.57",
        "@github/copilot-linuxmusl-arm64": "1.0.57",
        "@github/copilot-linuxmusl-x64": "1.0.57",
        "@github/copilot-win32-arm64": "1.0.57",
        "@github/copilot-win32-x64": "1.0.57"
      }
    },
    "node_modules/@github/copilot-darwin-arm64": {
      "version": "1.0.57",
      "resolved": "https://registry.npmjs.org/@github/copilot-darwin-arm64/-/copilot-darwin-arm64-1.0.57.tgz",
      "integrity": "sha512-ZmsojZbitPSRfgw3W9wBrHGLRDsBvMCjGsGnJ7xXOU6qxeF/IyWHADxEv1WKfDw8BdCM+LE5yITPXB8bcvCdqQ==",
      "cpu": [
        "arm64"
      ],
      "license": "SEE LICENSE IN LICENSE.md",
      "optional": true,
      "os": [
        "darwin"
      ],
      "bin": {
        "copilot-darwin-arm64": "copilot"
      }
    },
    "node_modules/@github/copilot-darwin-x64": {
      "version": "1.0.57",
      "resolved": "https://registry.npmjs.org/@github/copilot-darwin-x64/-/copilot-darwin-x64-1.0.57.tgz",
      "integrity": "sha512-F4TFDOdORy4oSHJS4DE+3sTk09uk1lohOloe0jfvoEVxJSU6jdQcJLNGoo+BQljcG7a1HEBrmB04iAWG1UXVfA==",
      "cpu": [
        "x64"
      ],
      "license": "SEE LICENSE IN LICENSE.md",
      "optional": true,
      "os": [
        "darwin"
      ],
      "bin": {
        "copilot-darwin-x64": "copilot"
      }
    },
    "node_modules/@github/copilot-linux-arm64": {
      "version": "1.0.57",
      "resolved": "https://registry.npmjs.org/@github/copilot-linux-arm64/-/copilot-linux-arm64-1.0.57.tgz",
      "integrity": "sha512-6apNY/v7CMxKk45CctUZLzQnddBpIG9keSendFKYN+kBIEBSdy//s/Cz/4YQX1iERnklpgZRP7FvcwaKs0/7YA==",
      "cpu": [
        "arm64"
      ],
      "libc": [
        "glibc"
      ],
      "license": "SEE LICENSE IN LICENSE.md",
      "optional": true,
      "os": [
        "linux"
      ],
      "bin": {
        "copilot-linux-arm64": "copilot"
      }
    },
    "node_modules/@github/copilot-linux-x64": {
      "version": "1.0.57",
      "resolved": "https://registry.npmjs.org/@github/copilot-linux-x64/-/copilot-linux-x64-1.0.57.tgz",
      "integrity": "sha512-EOOnU4Y+vZHfxVl8eBAP7JtSTmu5d4ZDUC9wCGpAA5k703lEnpu8UOv04mTHRn8KTzb8gj+ijNhxDWe3Xljbaw==",
      "cpu": [
        "x64"
      ],
      "libc": [
        "glibc"
      ],
      "license": "SEE LICENSE IN LICENSE.md",
      "optional": true,
      "os": [
        "linux"
      ],
      "bin": {
        "copilot-linux-x64": "copilot"
      }
    },
    "node_modules/@github/copilot-linuxmusl-arm64": {
      "version": "1.0.57",
      "resolved": "https://registry.npmjs.org/@github/copilot-linuxmusl-arm64/-/copilot-linuxmusl-arm64-1.0.57.tgz",
      "integrity": "sha512-FCAaaJLX5T2ZpMeS1TCNnhQuGqyH9WVZndFdN1VOEnN/iWeSSaVF3lM4TPyRHHnWDVxzZtB+VLqOSjINZntD6g==",
      "cpu": [
        "arm64"
      ],
      "libc": [
        "musl"
      ],
      "license": "SEE LICENSE IN LICENSE.md",
      "optional": true,
      "os": [
        "linux"
      ],
      "bin": {
        "copilot-linuxmusl-arm64": "copilot"
      }
    },
    "node_modules/@github/copilot-linuxmusl-x64": {
      "version": "1.0.57",
      "resolved": "https://registry.npmjs.org/@github/copilot-linuxmusl-x64/-/copilot-linuxmusl-x64-1.0.57.tgz",
      "integrity": "sha512-AMIBN830yOvNcrj2Q0tGMImqat/V24wZS/4m5BaUssELM7r7KrT9ZBnBs+nWDZYeQaRoblFWL3f4AfxE3t94lQ==",
      "cpu": [
        "x64"
      ],
      "libc": [
        "musl"
      ],
      "license": "SEE LICENSE IN LICENSE.md",
      "optional": true,
      "os": [
        "linux"
      ],
      "bin": {
        "copilot-linuxmusl-x64": "copilot"
      }
    },
    "node_modules/@github/copilot-win32-arm64": {
      "version": "1.0.57",
      "resolved": "https://registry.npmjs.org/@github/copilot-win32-arm64/-/copilot-win32-arm64-1.0.57.tgz",
      "integrity": "sha512-3TL2bd1/p/sYbNgDIqbnjES//zlXP5b0sPEXKQRrpVF9ZLN3vjQ1tmBWx8Qx7zn2J3oywH2dG7qKjuxWTJRXKA==",
      "cpu": [
        "arm64"
      ],
      "license": "SEE LICENSE IN LICENSE.md",
      "optional": true,
      "os": [
        "win32"
      ],
      "bin": {
        "copilot-win32-arm64": "copilot.exe"
      }
    },
    "node_modules/@github/copilot-win32-x64": {
      "version": "1.0.57",
      "resolved": "https://registry.npmjs.org/@github/copilot-win32-x64/-/copilot-win32-x64-1.0.57.tgz",
      "integrity": "sha512-zuKqRn0pIF+ZvuiMXbZkYK1AMlrV21kFTpyf5l7gdI1dzJuwHNI0Qfe0gzaZYaU1B4htbzMk9MhEbjR1PQcoJg==",
      "cpu": [
        "x64"
      ],
      "license": "SEE LICENSE IN LICENSE.md",
      "optional": true,
      "os": [
        "win32"
      ],
      "bin": {
        "copilot-win32-x64": "copilot.exe"
      }
    },
    "node_modules/detect-libc": {
      "version": "2.1.2",
      "resolved": "https://registry.npmjs.org/detect-libc/-/detect-libc-2.1.2.tgz",
      "integrity": "sha512-Btj2BOOO83o3WyH59e8MgXsxEQVcarkUOpEYrubB0urwnN10yQ364rsiByU11nZlqWYZm05i/of7io4mzihBtQ==",
      "license": "Apache-2.0",
      "engines": {
        "node": ">=8"
      }
    }
  }
}
