version = 1
revision = 3
requires-python = ">=3.12"
resolution-markers = [
    "python_full_version >= '3.14'",
    "python_full_version == '3.13.*'",
    "python_full_version < '3.13'",
]

[[package]]
name = "fsspec"
version = "2026.7.0"
source = { registry = "https://pypi.org/simple" }
sdist = { url = "https://files.pythonhosted.org/packages/00/78/f34251dadb8f3921264a1d9b8946f5e542014ee2614b285261b4e40e6775/fsspec-2026.7.0.tar.gz", hash = "sha256:c803c40f4cf860b49dea58ee3e1c33cb9c790520e233537e1340049f89b82a88", size = 317040, upload-time = "2026-07-28T16:34:51.052Z" }
wheels = [
    { url = "https://files.pythonhosted.org/packages/fd/3c/6a2bf344106328fd04963664a60b9bb6496fc25df8e962fcdc1367285fb9/fsspec-2026.7.0-py3-none-any.whl", hash = "sha256:b57ddbafedfaef7018c1ecab32aa200a9d7ca26b77965f64e48b70061249d279", size = 206583, upload-time = "2026-07-28T16:34:49.538Z" },
]

[[package]]
name = "genai-reference-shared"
version = "0.1.0"
source = { editable = "../../shared" }
dependencies = [
    { name = "opentelemetry-api" },
    { name = "opentelemetry-exporter-otlp-proto-grpc" },
    { name = "opentelemetry-sdk" },
]

[package.metadata]
requires-dist = [
    { name = "opentelemetry-api", specifier = "==1.44.0" },
    { name = "opentelemetry-exporter-otlp-proto-grpc", specifier = "==1.44.0" },
    { name = "opentelemetry-sdk", specifier = "==1.44.0" },
]

[[package]]
name = "googleapis-common-protos"
version = "1.75.2"
source = { registry = "https://pypi.org/simple" }
dependencies = [
    { name = "protobuf" },
]
sdist = { url = "https://files.pythonhosted.org/packages/c0/90/fb8f1c84537fbf210c1f53a53ae473a805f6599c5a40b93c1bbadd211f7a/googleapis_common_protos-1.75.2.tar.gz", hash = "sha256:8829a3d1e4508c5b7b9a6b9525f7fccff611f8531644579a76466c29295d4bb2", size = 154083, upload-time = "2026-08-25T19:19:13.028Z" }
wheels = [
    { url = "https://files.pythonhosted.org/packages/47/5b/1c9e55363c3b1890a98cae813de5b4ea327845756cd8fb7ee690140c7eac/googleapis_common_protos-1.75.2-py3-none-any.whl", hash = "sha256:6b83302f554ea93a0f48409c7fc2050f954bcbcddb7e3a9c76d4a823cb22920e", size = 307002, upload-time = "2026-08-25T19:18:08.927Z" },
]

[[package]]
name = "grpcio"
version = "1.83.1"
source = { registry = "https://pypi.org/simple" }
dependencies = [
    { name = "typing-extensions" },
]
sdist = { url = "https://files.pythonhosted.org/packages/e2/b1/46539f5050d7c316a13396d185451f95084a74ddc68b12d818595bef0377/grpcio-1.83.1.tar.gz", hash = "sha256:9cee6fcbf2eb57c4b49451787bfa87be8efc1ca02a0b327dd4b54d44502e362b", size = 13445033, upload-time = "2026-08-28T07:09:11.464Z" }
wheels = [
    { url = "https://files.pythonhosted.org/packages/85/9e/a3ba13e08bbee5bf6e57597dfe4823961fd7e94c0b8afe3a4bb7dca639f3/grpcio-1.83.1-cp312-cp312-linux_armv7l.whl", hash = "sha256:5acd14c6ddf047de62cbf8745b11103ea91abbf57d1b8edd5395ccd9fcd13abb", size = 6303170, upload-time = "2026-08-28T07:08:08.188Z" },
    { url = "https://files.pythonhosted.org/packages/1c/ae/65ce56a2527faa17d02cba4c2231c74047ad898be339486ba87f093bfb66/grpcio-1.83.1-cp312-cp312-macosx_11_0_universal2.whl", hash = "sha256:16138031a47b771860a16a975b53087f4fd5bbdbb2c03a188c5d90ad65d2bdae", size = 12165806, upload-time = "2026-08-28T07:08:10.309Z" },
    { url = "https://files.pythonhosted.org/packages/4e/91/40432480088a2243d360864de072ed5b78c4ebbaabd29c28918f1e1b1454/grpcio-1.83.1-cp312-cp312-manylinux2014_aarch64.manylinux_2_17_aarch64.whl", hash = "sha256:5ccc26715fd4defca5e129e280dd883b1737b65045ec50ffe22ce42104089519", size = 6872490, upload-time = "2026-08-28T07:08:12.355Z" },
    { url = "https://files.pythonhosted.org/packages/c8/62/3da2300c8c79fd20a78a8a4bb6251e5068d9af33bc8fd389b98fec35e8a3/grpcio-1.83.1-cp312-cp312-manylinux2014_i686.manylinux_2_17_i686.whl", hash = "sha256:b74f2a1d9ab1dfa3e263ef33d581613679b78d0884babf11671af26e45570ead", size = 7618367, upload-time = "2026-08-28T07:08:14.025Z" },
    { url = "https://files.pythonhosted.org/packages/bc/19/9fc702e31a631262d7a752fa699f6022821e707fefc8bff49b1550a57729/grpcio-1.83.1-cp312-cp312-manylinux2014_x86_64.manylinux_2_17_x86_64.whl", hash = "sha256:72578aa07a4008f17521ef52debcc3acfd1e2c5426243bc3ffb56a38bfe610b7", size = 7040936, upload-time = "2026-08-28T07:08:15.963Z" },
    { url = "https://files.pythonhosted.org/packages/ec/56/95933cc44cba2429765fa065c951dd529e5771b119d9d2481b4646f1d6a5/grpcio-1.83.1-cp312-cp312-musllinux_1_2_aarch64.whl", hash = "sha256:c12e1fc59c6dc26d10d9144453ddc6cbfe4cd4c31e874ed2d0132f88e685eb8b", size = 7573096, upload-time = "2026-08-28T07:08:17.729Z" },
    { url = "https://files.pythonhosted.org/packages/ac/80/af63359da06b016de48cb111f144703a10043850dafa43ae0a038907b9e8/grpcio-1.83.1-cp312-cp312-musllinux_1_2_i686.whl", hash = "sha256:4910b62f7d12197160bfb7de06d876d64dd12d43483e8292f98f49ca09b628d9", size = 8609442, upload-time = "2026-08-28T07:08:19.777Z" },
    { url = "https://files.pythonhosted.org/packages/3d/fa/f0586c56bdfb8a7a2adda01e0ac2413447cde3141ab09411a5d5afdcffd3/grpcio-1.83.1-cp312-cp312-musllinux_1_2_x86_64.whl", hash = "sha256:9e703effe3ae779925c82ac24fdb82cf4105e1096810151ed9501c5f34546b9c", size = 7984321, upload-time = "2026-08-28T07:08:22.114Z" },
    { url = "https://files.pythonhosted.org/packages/25/8a/14ec05669f9eb295801e26c2ea8c561a1b786b0e3557c2c22131165ab010/grpcio-1.83.1-cp312-cp312-win32.whl", hash = "sha256:a2aea8bd6e0a34f12cbaddb7bb70bec836818789fa5c7ab7572c6b745396a2d4", size = 4395604, upload-time = "2026-08-28T07:08:24.08Z" },
    { url = "https://files.pythonhosted.org/packages/e9/37/8c2f7cc16089e36a3fbacaacc7a3d043912aa0d2dfae5556f6450414ea6e/grpcio-1.83.1-cp312-cp312-win_amd64.whl", hash = "sha256:583bf2e8255040a4a312f9572dfe62a05271437b149550e1a536d5c47d2d1e8a", size = 5161512, upload-time = "2026-08-28T07:08:25.81Z" },
    { url = "https://files.pythonhosted.org/packages/7c/fd/d1fc58933bf88c9209f89dc570c810f1aa57cb04b3459cf2b26f61e32112/grpcio-1.83.1-cp313-cp313-linux_armv7l.whl", hash = "sha256:8d228e253b77865efcbdd7b5894ca882c9e0ea98c02b7d20582e61ded8dfd4b5", size = 6305628, upload-time = "2026-08-28T07:08:27.872Z" },
    { url = "https://files.pythonhosted.org/packages/c4/49/0b40bae059c619505c9b751cee6caa208e4904e290aaefa1728c4c2c67a5/grpcio-1.83.1-cp313-cp313-macosx_11_0_universal2.whl", hash = "sha256:0468b627f2987c9a77f7580030207cbd85457ffe52998beff4f0b5c38c58a72c", size = 12156839, upload-time = "2026-08-28T07:08:30.191Z" },
    { url = "https://files.pythonhosted.org/packages/61/4b/e8c0d635da0ee5ddd9950c8d540f5dcdd0ef1854a382cc55496a487a8d31/grpcio-1.83.1-cp313-cp313-manylinux2014_aarch64.manylinux_2_17_aarch64.whl", hash = "sha256:a6a282e81530cead60bbd752cc04950a57f224379e9821495d6a35bd5ce9b1f4", size = 6877036, upload-time = "2026-08-28T07:08:32.285Z" },
    { url = "https://files.pythonhosted.org/packages/c5/d4/760a33f339a7dd3d5f4b3e0e9bec5472d95592a80f887b2e9dab4e41cfbc/grpcio-1.83.1-cp313-cp313-manylinux2014_i686.manylinux_2_17_i686.whl", hash = "sha256:947d945f52e8ecf3cafd2bb7113502a16ccfda3e12c854443094de32d83ad432", size = 7624404, upload-time = "2026-08-28T07:08:34.194Z" },
    { url = "https://files.pythonhosted.org/packages/54/ec/bd798654b06fb42a92b57d1dc1b530084fa89ed442806fcd0a833a36f9b3/grpcio-1.83.1-cp313-cp313-manylinux2014_x86_64.manylinux_2_17_x86_64.whl", hash = "sha256:55656318d5dd387077396dffb929171ca3966e24bfead9a6c5dba9f889062cb4", size = 7042942, upload-time = "2026-08-28T07:08:36.208Z" },
    { url = "https://files.pythonhosted.org/packages/08/b0/c00f86614566dd0961825cf0f43d4f96a74371d9d95f952bcbc4b86d9a27/grpcio-1.83.1-cp313-cp313-musllinux_1_2_aarch64.whl", hash = "sha256:9daf5acf4fc9d5f5627229969c2580a91e511779d76e4ccdeb9f4770f05d8bc2", size = 7576937, upload-time = "2026-08-28T07:08:38.041Z" },
    { url = "https://files.pythonhosted.org/packages/b1/38/85eff43a5c89dc666a252b5c9f8e9ab03f89e11c95b6263d2933f08fdbe7/grpcio-1.83.1-cp313-cp313-musllinux_1_2_i686.whl", hash = "sha256:7b94174cbca93316888f805efbeb08f1c020f7b7493d2d50cc4f6b64ebb7e8bd", size = 8608391, upload-time = "2026-08-28T07:08:40.092Z" },
    { url = "https://files.pythonhosted.org/packages/35/4e/82835483e2f812494be865e7965c0d626cb9e71ab0d83a420d75aea4ad67/grpcio-1.83.1-cp313-cp313-musllinux_1_2_x86_64.whl", hash = "sha256:65c5a7210911ffe0f67b1cdc5308f9854b6d1f1b345e3e49ab7cac1ba50fa346", size = 7980060, upload-time = "2026-08-28T07:08:42.434Z" },
    { url = "https://files.pythonhosted.org/packages/b2/b7/68a98bef733fef704fbcfb3957c8dba67e3e38ca7a7fea851195bc97c648/grpcio-1.83.1-cp313-cp313-win32.whl", hash = "sha256:179368d9361854616ce6f397d4716e07480129652752fcbcfc5a7260455ad6f2", size = 4395226, upload-time = "2026-08-28T07:08:44.463Z" },
    { url = "https://files.pythonhosted.org/packages/85/a0/df4de3b51d37ac8fb0320bb9668381ce2bd3b7aa990880bfc56a8a26f665/grpcio-1.83.1-cp313-cp313-win_amd64.whl", hash = "sha256:2e57af456385491a76e13c4aada8c8f43a8e47051e06ea97a9dbe2a49654e6db", size = 5160273, upload-time = "2026-08-28T07:08:46.216Z" },
    { url = "https://files.pythonhosted.org/packages/42/9c/484d981d8b90c4e6abf3030bd2ed747e84d1eb192b3ec9cbb41e0b73e4bf/grpcio-1.83.1-cp314-cp314-linux_armv7l.whl", hash = "sha256:8b3c87ca908296bf125f841d3e1a2225a2b39aaa8ed7a57e7ccde465ee519bab", size = 6306089, upload-time = "2026-08-28T07:08:48.379Z" },
    { url = "https://files.pythonhosted.org/packages/84/01/0afec1c92e4f292f74a44ecf75eabbf40903125b8c4df103c9868d6338da/grpcio-1.83.1-cp314-cp314-macosx_11_0_universal2.whl", hash = "sha256:c0f3f20c90e72a171917ae65706500b096a1c3eb5f162c3ce702a2e25635f132", size = 12170381, upload-time = "2026-08-28T07:08:50.653Z" },
    { url = "https://files.pythonhosted.org/packages/c7/5a/e9a2383804433a0a61d6d93777ad321c7f36ac1cfdaa4c6d1a7c9ac846b7/grpcio-1.83.1-cp314-cp314-manylinux2014_aarch64.manylinux_2_17_aarch64.whl", hash = "sha256:81bbf35a46bf8cad2dfbb2eccc19c711befb58b288acb534bbcd0d74283202a6", size = 6883286, upload-time = "2026-08-28T07:08:53.654Z" },
    { url = "https://files.pythonhosted.org/packages/63/e7/f8ca8f76994e14c70b9a0052e82f10de497a23db450c36379c9716ebfc4d/grpcio-1.83.1-cp314-cp314-manylinux2014_i686.manylinux_2_17_i686.whl", hash = "sha256:215cec07d11176507387bda4bf2751816e880f9bff8dc1ca524bfbb8ed8f2fad", size = 7624293, upload-time = "2026-08-28T07:08:55.709Z" },
    { url = "https://files.pythonhosted.org/packages/bb/7a/4b672814b0cd0fe63bdd735379d88b165759f3144ab023ad8ec5fc4d53ac/grpcio-1.83.1-cp314-cp314-manylinux2014_x86_64.manylinux_2_17_x86_64.whl", hash = "sha256:abce7d43ec29cd39230fa8339de1a07643b55adc412a454850fbd875349950ff", size = 7044346, upload-time = "2026-08-28T07:08:57.802Z" },
    { url = "https://files.pythonhosted.org/packages/50/b8/d89fe60e4239ad51be333dd9cc703741d449a35064e51f8a0b5bfa755432/grpcio-1.83.1-cp314-cp314-musllinux_1_2_aarch64.whl", hash = "sha256:e256f95a40e3b0183a98556fb7164d24b97eeb353123ccabfcba94712b35ee2a", size = 7584187, upload-time = "2026-08-28T07:08:59.867Z" },
    { url = "https://files.pythonhosted.org/packages/dc/b2/b290d7402633d9166e4dd47e6f5f74a24ce10a8340b84455896ebc349f85/grpcio-1.83.1-cp314-cp314-musllinux_1_2_i686.whl", hash = "sha256:2110059146fb0ea216e1ffddb29377b5cc2fd412a5b0a92e102616bd5edf18c2", size = 8608730, upload-time = "2026-08-28T07:09:02.592Z" },
    { url = "https://files.pythonhosted.org/packages/f5/44/fa89e44d1b5cf5b9fa71b2fd7abf506f182fd43917231a92fbf1ea326b02/grpcio-1.83.1-cp314-cp314-musllinux_1_2_x86_64.whl", hash = "sha256:20d944d967843f8183f9f23d5916388362e5f8eeeae855bbe4354d906dc9f31b", size = 7983283, upload-time = "2026-08-28T07:09:05.087Z" },
    { url = "https://files.pythonhosted.org/packages/ce/b8/9db73ed1f35ffa76124ac574bf296d06a359798dfd6b50d382f2b8a060a1/grpcio-1.83.1-cp314-cp314-win32.whl", hash = "sha256:623c87c6d4a1cb30d82c4e896f95477050f2e01b4a1f8cf91ff2b1abdf89c457", size = 4474327, upload-time = "2026-08-28T07:09:07.179Z" },
    { url = "https://files.pythonhosted.org/packages/65/22/fc9a622d885a7a37ff972a12faaef443d74e47407181da70d0ab62ab41f0/grpcio-1.83.1-cp314-cp314-win_amd64.whl", hash = "sha256:47e6934ad38779271e2e7cc5f78a63a407cf3d98114c65c1fdbcd3f5a716f29b", size = 5302032, upload-time = "2026-08-28T07:09:09.285Z" },
]

[[package]]
name = "opentelemetry-api"
version = "1.44.0"
source = { registry = "https://pypi.org/simple" }
dependencies = [
    { name = "typing-extensions" },
]
sdist = { url = "https://files.pythonhosted.org/packages/ee/8b/aa9e2d8b8dfa7c946f7dec5d1f8f6ba8eca062f43509a06bdb5ce93d26c0/opentelemetry_api-1.44.0.tar.gz", hash = "sha256:67647e5e9566edcf421166fdf022b3537f818635daa852b289e34604dc6fb33a", size = 72406, upload-time = "2026-07-16T15:25:32.678Z" }
wheels = [
    { url = "https://files.pythonhosted.org/packages/ca/6f/a04e900f465ff3221ccc395522503e2d10e79fa21f2723c8e177aae1e0d1/opentelemetry_api-1.44.0-py3-none-any.whl", hash = "sha256:94b98c893a91b88657eaac1e3ba89618cdb85be6918196705354f34728b2cdef", size = 60018, upload-time = "2026-07-16T15:25:11.657Z" },
]

[[package]]
name = "opentelemetry-exporter-otlp-proto-common"
version = "1.44.0"
source = { registry = "https://pypi.org/simple" }
dependencies = [
    { name = "opentelemetry-proto" },
]
sdist = { url = "https://files.pythonhosted.org/packages/61/09/4d717852c1cf3f854b76c7110a5d00883bc3c99288b9b0dbcbeb9e306eb6/opentelemetry_exporter_otlp_proto_common-1.44.0.tar.gz", hash = "sha256:dc87a5a5bc58f149a56d1547e4691588fa12994cdc3bc039a694ccb3375862ac", size = 20202, upload-time = "2026-07-16T15:25:37.658Z" }
wheels = [
    { url = "https://files.pythonhosted.org/packages/5e/71/65fd9d54c10b860f87c045ccee1264cab7011268895d3528818a29c1172a/opentelemetry_exporter_otlp_proto_common-1.44.0-py3-none-any.whl", hash = "sha256:9a9fe61bba73d802904bc989f1d6b4a7b1ee40f06c40e98d6f85af65aaebb694", size = 17045, upload-time = "2026-07-16T15:25:18.201Z" },
]

[[package]]
name = "opentelemetry-exporter-otlp-proto-grpc"
version = "1.44.0"
source = { registry = "https://pypi.org/simple" }
dependencies = [
    { name = "googleapis-common-protos" },
    { name = "grpcio" },
    { name = "opentelemetry-api" },
    { name = "opentelemetry-exporter-otlp-proto-common" },
    { name = "opentelemetry-proto" },
    { name = "opentelemetry-sdk" },
    { name = "typing-extensions" },
]
sdist = { url = "https://files.pythonhosted.org/packages/1f/47/80d9e9d468dc5de3af5096f5ccdb065fa4dd1470f74495cc53e59e397f47/opentelemetry_exporter_otlp_proto_grpc-1.44.0.tar.gz", hash = "sha256:40d1ae9e03fcc36de3cbac610cc99f35894938bff9cfd90fc4ec68bd85448463", size = 27225, upload-time = "2026-07-16T15:25:38.308Z" }
wheels = [
    { url = "https://files.pythonhosted.org/packages/54/29/6ae42ba32b153ae0a44ae125f0caff2188bbe62d99c82d1768da30864e72/opentelemetry_exporter_otlp_proto_grpc-1.44.0-py3-none-any.whl", hash = "sha256:6a1a645ea182a2f59440c51fa8301d309f3324a8f9d65f8395584b064b67ee4e", size = 19624, upload-time = "2026-07-16T15:25:19.096Z" },
]

[[package]]
name = "opentelemetry-instrumentation"
version = "0.65b0"
source = { registry = "https://pypi.org/simple" }
dependencies = [
    { name = "opentelemetry-api" },
    { name = "opentelemetry-semantic-conventions" },
    { name = "packaging" },
    { name = "wrapt" },
]
sdist = { url = "https://files.pythonhosted.org/packages/13/91/3c58961cb0360cd60509064734f0be4275383c8681d73c580a40ca83ddce/opentelemetry_instrumentation-0.65b0.tar.gz", hash = "sha256:071d9d9eced9bd6460444ec3b0c77229870ed05a881c22c84fdede58e4eed09b", size = 42689, upload-time = "2026-07-16T15:25:50.275Z" }
wheels = [
    { url = "https://files.pythonhosted.org/packages/40/7b/85eab1215f72adf0e68d3dc4a679b9bff993fa679ff34cd8dd378e2659fd/opentelemetry_instrumentation-0.65b0-py3-none-any.whl", hash = "sha256:ea967a72b9939b5fcfdad572753b4306c59dcb99e3f382d95dae04286805e137", size = 36717, upload-time = "2026-07-16T15:24:51.424Z" },
]

[[package]]
name = "opentelemetry-proto"
version = "1.44.0"
source = { registry = "https://pypi.org/simple" }
dependencies = [
    { name = "protobuf" },
]
sdist = { url = "https://files.pythonhosted.org/packages/64/01/40ac4ae9a149263cc52c2cee200ddd80cb6d8db1a4610abf8eabce0fe771/opentelemetry_proto-1.44.0.tar.gz", hash = "sha256:c547a79c2f8c0c515d31509154682e5921c7cfd5ca67b70e1f9266e2c3e103f3", size = 46488, upload-time = "2026-07-16T15:25:45.34Z" }
wheels = [
    { url = "https://files.pythonhosted.org/packages/d1/7c/8be563d68e93bbefa5c8affb82ddcff91b3ad858ce49957ba7b16fd3e0ab/opentelemetry_proto-1.44.0-py3-none-any.whl", hash = "sha256:898b155a0e1557afd867478fb6158e8122a46329ca0bb8dc53cc55e98f017f56", size = 72483, upload-time = "2026-07-16T15:25:28.429Z" },
]

[[package]]
name = "opentelemetry-sdk"
version = "1.44.0"
source = { registry = "https://pypi.org/simple" }
dependencies = [
    { name = "opentelemetry-api" },
    { name = "opentelemetry-semantic-conventions" },
    { name = "typing-extensions" },
]
sdist = { url = "https://files.pythonhosted.org/packages/5d/77/a6592cbc7c8d9bcc9d6757a9df45e04a7c585e3e6e7a13456da522b21109/opentelemetry_sdk-1.44.0.tar.gz", hash = "sha256:cebe7f65dc12f26ead75c6064de12fd2a9052e5060c0272d402cfa203aae123b", size = 208624, upload-time = "2026-07-16T15:25:46.078Z" }
wheels = [
    { url = "https://files.pythonhosted.org/packages/e7/23/ff077e61886ee020a17ce9c8b6fa11c601c8d8345b09ea24f605445df62a/opentelemetry_sdk-1.44.0-py3-none-any.whl", hash = "sha256:df081c4c6bcfdb1211e3e86140376792643128a25f8d72d1d27675936e7e96ad", size = 137221, upload-time = "2026-07-16T15:25:29.534Z" },
]

[[package]]
name = "opentelemetry-semantic-conventions"
version = "0.65b0"
source = { registry = "https://pypi.org/simple" }
dependencies = [
    { name = "opentelemetry-api" },
    { name = "typing-extensions" },
]
sdist = { url = "https://files.pythonhosted.org/packages/8f/73/0cbdebcb4cf545fdd328da14f5137e37d0770c3f26185e478b0d15d94f50/opentelemetry_semantic_conventions-0.65b0.tar.gz", hash = "sha256:f9b2b81e9d5b64f11bc952075e7e9c7fb0aab075c7fd1c46d597f1b919852d60", size = 148774, upload-time = "2026-07-16T15:25:46.902Z" }
wheels = [
    { url = "https://files.pythonhosted.org/packages/a6/0e/49df70d9b81fb5cbae4bbf2a49d865b09bcbcbc4eb53f5851b1027738d78/opentelemetry_semantic_conventions-0.65b0-py3-none-any.whl", hash = "sha256:1cacde7b0ad306f84c5ef08c3dbe1bbaf20165bba6f8bff43b670e555a086bcb", size = 204645, upload-time = "2026-07-16T15:25:30.688Z" },
]

[[package]]
name = "opentelemetry-util-genai"
version = "1.1b0"
source = { registry = "https://pypi.org/simple" }
dependencies = [
    { name = "opentelemetry-api" },
    { name = "opentelemetry-instrumentation" },
    { name = "opentelemetry-semantic-conventions" },
    { name = "wrapt" },
]
sdist = { url = "https://files.pythonhosted.org/packages/50/1a/2bd5102d38409cf6db92ff0120e035cf971f819a43132887286402420c01/opentelemetry_util_genai-1.1b0.tar.gz", hash = "sha256:079c6118dbca9a6f667913ac5f1f4a8477a94e17f30d198a0988d1d52dd6ff10", size = 68087, upload-time = "2026-08-20T17:25:26.558Z" }
wheels = [
    { url = "https://files.pythonhosted.org/packages/65/bc/0bc52014dd62284dcb114cad380e80220df7629ad4ab8604046d23f07acd/opentelemetry_util_genai-1.1b0-py3-none-any.whl", hash = "sha256:77a33be11b234e7bf2f5eaced90206dec577a971b54c383e32f71e7d96c96d10", size = 50093, upload-time = "2026-08-20T17:25:25.067Z" },
]

[package.optional-dependencies]
upload = [
    { name = "fsspec" },
]

[[package]]
name = "opentelemetry-util-genai-reference-test"
version = "0.0.0"
source = { virtual = "." }
dependencies = [
    { name = "genai-reference-shared" },
    { name = "opentelemetry-util-genai", extra = ["upload"] },
]

[package.metadata]
requires-dist = [
    { name = "genai-reference-shared", editable = "../../shared" },
    { name = "opentelemetry-util-genai", extras = ["upload"], specifier = "==1.1b0" },
]

[[package]]
name = "packaging"
version = "26.3"
source = { registry = "https://pypi.org/simple" }
sdist = { url = "https://files.pythonhosted.org/packages/7d/fa/3944b40b07da9ce895c0e6303a5ab7d53da063554f534556b134a54d6093/packaging-26.3.tar.gz", hash = "sha256:94edc256424af38762eb31306eed28beb9f0efc50a8837492c9d6fd6004aed79", size = 313412, upload-time = "2026-08-04T18:15:28.737Z" }
wheels = [
    { url = "https://files.pythonhosted.org/packages/63/34/ba1c580383c9eada3711951fef0795c80b829a078d72188184bcab9dd527/packaging-26.3-py3-none-any.whl", hash = "sha256:d7193f7c8e4e93f444fde0262bf90af30e16fa0ad0ad44cb553c87339b23cd1c", size = 129956, upload-time = "2026-08-04T18:15:27.159Z" },
]

[[package]]
name = "protobuf"
version = "7.36.1"
source = { registry = "https://pypi.org/simple" }
sdist = { url = "https://files.pythonhosted.org/packages/86/73/f66c748df06e7fe24e658eddd600d19c4b40bad836c97ce2d0ad9851fb6b/protobuf-7.36.1.tar.gz", hash = "sha256:d0f6470f0ce2b84e3feaea2d4b816378b37ba4d4aa08a274305373de93e2d524", size = 512499, upload-time = "2026-08-31T22:40:04.667Z" }
wheels = [
    { url = "https://files.pythonhosted.org/packages/f7/6c/3a54a58f2948b0f485df9ecdd06590f15d0a7abf46a89d50c3de709ff4ff/protobuf-7.36.1-cp310-abi3-macosx_10_9_universal2.whl", hash = "sha256:3cf2ee25d006cee57294a1196ea43b37feb78e0dcd1e8af5c1aeddb777655aca", size = 456046, upload-time = "2026-08-31T22:39:56.865Z" },
    { url = "https://files.pythonhosted.org/packages/6e/08/9f9548793c771095245c0eeaf0c84b76b16a5ef26158043d456f551344a0/protobuf-7.36.1-cp310-abi3-manylinux2014_aarch64.whl", hash = "sha256:43d3d37b1eb24c113b9b7d02008cac44e423f00b611b7781ae998d7623972969", size = 344226, upload-time = "2026-08-31T22:39:58.263Z" },
    { url = "https://files.pythonhosted.org/packages/fe/51/1bdbd612fa3c51e42ea6f45d05e84dc748ddcd2663e1aa1e89a00a33facd/protobuf-7.36.1-cp310-abi3-manylinux2014_s390x.whl", hash = "sha256:39c518c05586c016d7874ff6079ee115bcec1ea5fbb1d177fbf7867ef4c67e44", size = 357229, upload-time = "2026-08-31T22:39:59.198Z" },
    { url = "https://files.pythonhosted.org/packages/22/df/c799fe7a05ef16ba853a59db01f3a2c5f7d0676469589ccc4874f76a2a88/protobuf-7.36.1-cp310-abi3-manylinux2014_x86_64.whl", hash = "sha256:97198b77e369a0abd8e262b8f6c7266c55ddb796a3a12c76d7b8881188ed83aa", size = 343228, upload-time = "2026-08-31T22:40:00.179Z" },
    { url = "https://files.pythonhosted.org/packages/3d/33/d4724ec5d86d496fe4108e220618aa0837ad3423a7af7ccdd9684ccc77c8/protobuf-7.36.1-cp310-abi3-win32.whl", hash = "sha256:0b53ce95272aad50ad25d7ff03373743209822e8ba42ea7fad27d2bee1547d00", size = 443002, upload-time = "2026-08-31T22:40:01.32Z" },
    { url = "https://files.pythonhosted.org/packages/db/37/155788a0d8daded960375af604202805308169f9b859419ea0aa370946e2/protobuf-7.36.1-cp310-abi3-win_amd64.whl", hash = "sha256:51139351435d9b43d88a55eaa49fb6f737fbb478fb0cbf2cf694d1a04a9d3363", size = 456518, upload-time = "2026-08-31T22:40:02.494Z" },
    { url = "https://files.pythonhosted.org/packages/39/ca/c47f91d3cab175b01fd8c4f0d80fdf8613be876cc616e66ad281a59c5ddf/protobuf-7.36.1-py3-none-any.whl", hash = "sha256:7d951e46b3f963d6c264c367c437921de9d5aedd9c3f9612b9077736b4e3ad5c", size = 179813, upload-time = "2026-08-31T22:40:03.54Z" },
]

[[package]]
name = "typing-extensions"
version = "4.16.0"
source = { registry = "https://pypi.org/simple" }
sdist = { url = "https://files.pythonhosted.org/packages/f6/cc/6253133b5bb138fc3306cebfbda2c520f545d36b5be2c7255cc528bb45d6/typing_extensions-4.16.0.tar.gz", hash = "sha256:dc983d19a509c94dba722ee6abd33940f7c05a89e243c47e907eb4db6f1a43e5", size = 113555, upload-time = "2026-07-02T08:40:05.92Z" }
wheels = [
    { url = "https://files.pythonhosted.org/packages/49/d3/b8441a820a491ddfc024b0b0cf0393375b75ea13866d9c66727e54c2fc80/typing_extensions-4.16.0-py3-none-any.whl", hash = "sha256:481caa481374e813c1b176ada14e97f1f67a4539ce9cfeb3f350d78d6370c2e8", size = 45571, upload-time = "2026-07-02T08:40:04.659Z" },
]

[[package]]
name = "wrapt"
version = "2.4.0"
source = { registry = "https://pypi.org/simple" }
sdist = { url = "https://files.pythonhosted.org/packages/65/ba/8dc25478ed234dacc7d83c671634f347d0bdfb65bf0502f41879cf2f15a9/wrapt-2.4.0.tar.gz", hash = "sha256:7082fc1f94b020ac275870c4af71b09cff22876fe6e9c4c0ad01ea21d217b288", size = 161179, upload-time = "2026-08-30T04:41:51.424Z" }
wheels = [
    { url = "https://files.pythonhosted.org/packages/f0/22/581a0b44349d5babe526c958f365b8126e0fbd8fc2810e80446c47358050/wrapt-2.4.0-cp312-cp312-macosx_10_13_x86_64.whl", hash = "sha256:ef4e2d6e399ce6eecc80179a6b9ef6544f121288f95fc132bc36c9d9503903af", size = 96374, upload-time = "2026-08-30T04:39:42.335Z" },
    { url = "https://files.pythonhosted.org/packages/5d/90/095984648cec62a786bb27c0b50f6cfa5856d1e073ba1006fe148d190084/wrapt-2.4.0-cp312-cp312-macosx_11_0_arm64.whl", hash = "sha256:6b9b32d5e4f0a179cef5075cc79b79d6d3482c44c434c12969e48c6719e06d95", size = 96178, upload-time = "2026-08-30T04:39:43.789Z" },
    { url = "https://files.pythonhosted.org/packages/f8/fd/b20e3cb3cab35131b515edf18e8cd777dff680fc76fc00919481f4e536af/wrapt-2.4.0-cp312-cp312-manylinux1_x86_64.manylinux_2_28_x86_64.manylinux_2_5_x86_64.whl", hash = "sha256:d7dbbdbfdacb85c2d962fa52db791c77943fd777d600d74c95af2d53b32f5a94", size = 227806, upload-time = "2026-08-30T04:39:45.264Z" },
    { url = "https://files.pythonhosted.org/packages/08/75/c8dfba5e0caf17cd0718a0cbbe76cb85e637a2d65183fb728232419f6fca/wrapt-2.4.0-cp312-cp312-manylinux2014_aarch64.manylinux_2_17_aarch64.manylinux_2_28_aarch64.whl", hash = "sha256:39cd68df4dff79f5336f9c745c06259d204bcb42d504040c9c91eac9e2abb39c", size = 229004, upload-time = "2026-08-30T04:39:47.068Z" },
    { url = "https://files.pythonhosted.org/packages/42/05/d4853fbd33e5860b10d5aec690f563547a92a82e61fb8bb2d4ece1ce3570/wrapt-2.4.0-cp312-cp312-manylinux_2_31_riscv64.manylinux_2_39_riscv64.whl", hash = "sha256:2a9f1a2f75bb95257cc5744e255e10a5a86e923f328b40ad3dbf9d8d03430013", size = 208934, upload-time = "2026-08-30T04:39:48.73Z" },
    { url = "https://files.pythonhosted.org/packages/a3/66/23d0e8de9b411fd198af5121627587563657370c8d509fbe5ea8adb3df79/wrapt-2.4.0-cp312-cp312-musllinux_1_2_aarch64.whl", hash = "sha256:8763ad01e3725b7751a4575f38bbcc19c0aa0822fec91c5c5bd21ce3ce7e1d2b", size = 225709, upload-time = "2026-08-30T04:39:50.287Z" },
    { url = "https://files.pythonhosted.org/packages/01/37/3b357bc90530d510ae59ae7ac48265c482ae899e47637ca4436645688b40/wrapt-2.4.0-cp312-cp312-musllinux_1_2_riscv64.whl", hash = "sha256:9125c6dbe8b88c00dd8ef4fc1e55757e8eb4720b6b2b2cc610a45bd32bd28c57", size = 207090, upload-time = "2026-08-30T04:39:51.78Z" },
    { url = "https://files.pythonhosted.org/packages/6d/0c/d8a5c6dbcc2d221308223bcea4130c6332454a855cb4dbd5dcb2360b13b2/wrapt-2.4.0-cp312-cp312-musllinux_1_2_x86_64.whl", hash = "sha256:28f5de1526831b8f173889a436e289fe181ede8c66c9feb669d1aca8fd602eaf", size = 216269, upload-time = "2026-08-30T04:39:53.641Z" },
    { url = "https://files.pythonhosted.org/packages/92/93/cc9fc8fef1d3d25edaa1c2dc2337b556dc1d0613ddc1c4a6fe9ee08ad705/wrapt-2.4.0-cp312-cp312-win32.whl", hash = "sha256:a9ca1cdb3f7facb4990c7739ea5afbaceeb6728d066feedde03a4cfe83b29b03", size = 91187, upload-time = "2026-08-30T04:39:55.38Z" },
    { url = "https://files.pythonhosted.org/packages/ad/ec/a7b10705172bdb669b9687a8ff68bbe5f566437d2a49ad6d976af48b6d10/wrapt-2.4.0-cp312-cp312-win_amd64.whl", hash = "sha256:8b464316489fb2fca0669ea0f8f07290054a0f26fc72982d3e4cf95469628ba9", size = 96423, upload-time = "2026-08-30T04:39:56.81Z" },
    { url = "https://files.pythonhosted.org/packages/83/7a/e838ac6463a1a1a1817b2f184ee2aa20c54692b80368c5063403c8d2461c/wrapt-2.4.0-cp312-cp312-win_arm64.whl", hash = "sha256:db1285071ea09a7767fac608e7b5c7b03c09833b06186875a359905fbc659d29", size = 93003, upload-time = "2026-08-30T04:39:58.237Z" },
    { url = "https://files.pythonhosted.org/packages/19/86/f9de4e11582ff96ad2199eeeceaa17faa27bbdc599243f520070c4f3de07/wrapt-2.4.0-cp313-cp313-macosx_10_13_x86_64.whl", hash = "sha256:5c5c4c728cd22a36e4b8bb5df4a7d3bccaa865d27725b36eeb3b6f18fb2e1bc2", size = 96041, upload-time = "2026-08-30T04:39:59.575Z" },
    { url = "https://files.pythonhosted.org/packages/c3/ab/1dbf50802bea3b46192fd0dc39bb0eb2e77a064c813b2bbd88d2888ad49f/wrapt-2.4.0-cp313-cp313-macosx_11_0_arm64.whl", hash = "sha256:7de5b8d94417e55c02be50cc226e0ae1209bbc73813bf691dff3979c94438115", size = 96269, upload-time = "2026-08-30T04:40:01.182Z" },
    { url = "https://files.pythonhosted.org/packages/cb/a3/a3b5cde1cd06e04b6e95134eb3187a0a7da607a530e7795b221d4e4fa819/wrapt-2.4.0-cp313-cp313-manylinux1_x86_64.manylinux_2_28_x86_64.manylinux_2_5_x86_64.whl", hash = "sha256:6436e2bda993a3eb69a1b317fc831c8ebcafb5704c390859ebd49f81218c4bbb", size = 225787, upload-time = "2026-08-30T04:40:02.715Z" },
    { url = "https://files.pythonhosted.org/packages/cb/f7/d100f6c348b7669f19119cf890dcd4764623e2233af065586d110e0cd99e/wrapt-2.4.0-cp313-cp313-manylinux2014_aarch64.manylinux_2_17_aarch64.manylinux_2_28_aarch64.whl", hash = "sha256:e084558fbd112d2e1e34b0f5c71e45a3405bdad51a17150368a959bcf6697964", size = 226649, upload-time = "2026-08-30T04:40:04.647Z" },
    { url = "https://files.pythonhosted.org/packages/52/c6/3af8df515d5d7e92306957536f3468c6bdfecbe3659f99dbf09a468c2c4c/wrapt-2.4.0-cp313-cp313-manylinux_2_31_riscv64.manylinux_2_39_riscv64.whl", hash = "sha256:e78c947e18fadfd690c9420c30a96d221feeb93fc8f1cc00509b370ac16c3114", size = 206760, upload-time = "2026-08-30T04:40:06.332Z" },
    { url = "https://files.pythonhosted.org/packages/b9/c5/40d355552bd3eb6c5186e26051c19b573d24d7896de42caa7937d6b5ca9f/wrapt-2.4.0-cp313-cp313-musllinux_1_2_aarch64.whl", hash = "sha256:08d8378c4514ac8dcc0ace76044cf87a873e6a52b5e6109834c8fb9037f4441b", size = 223467, upload-time = "2026-08-30T04:40:07.829Z" },
    { url = "https://files.pythonhosted.org/packages/40/ab/d198eebdb39f0d7e182e771e590a36673489cd58cebdad8aa273dcf28e04/wrapt-2.4.0-cp313-cp313-musllinux_1_2_riscv64.whl", hash = "sha256:93180c2199784dd6a1075b33f9ed636bd0966821edbece6b3d5379b1c4f0bb7d", size = 205358, upload-time = "2026-08-30T04:40:09.344Z" },
    { url = "https://files.pythonhosted.org/packages/1c/0e/974a60672ad507d39a3d8a1c6351ef37fe65b07240d000ceba5d2b83e9e9/wrapt-2.4.0-cp313-cp313-musllinux_1_2_x86_64.whl", hash = "sha256:3d5e5eb76fb87e62752af751d2dcd9d1cd986b12037d2e1363d109ba716029e8", size = 214654, upload-time = "2026-08-30T04:40:10.923Z" },
    { url = "https://files.pythonhosted.org/packages/cc/5a/8b2db70206db0a4246758e0472ce344cb9636217113ef70640fc8d2ce874/wrapt-2.4.0-cp313-cp313-win32.whl", hash = "sha256:49bb5a572469e0e18163a8ec2aa972135a0929899ecbe627665f274506e1b5b4", size = 91171, upload-time = "2026-08-30T04:40:12.895Z" },
    { url = "https://files.pythonhosted.org/packages/fe/1e/e782b511c680dbe7369c92e7d981484aacca0cda584da1f28a84cd9a8e1a/wrapt-2.4.0-cp313-cp313-win_amd64.whl", hash = "sha256:b1737f46b1e4a81eb93500a7f2854319e1c7a86e8863fb050b7b4daadd5a4178", size = 96178, upload-time = "2026-08-30T04:40:14.336Z" },
    { url = "https://files.pythonhosted.org/packages/9f/62/095ba31123fa5dd482d6183c05200b061314aabbd5442c010aba4b03ff1c/wrapt-2.4.0-cp313-cp313-win_arm64.whl", hash = "sha256:f1e9e088094f4895f84ab043e7d59401df137d663efbf1e80c82144882960830", size = 92949, upload-time = "2026-08-30T04:40:15.935Z" },
    { url = "https://files.pythonhosted.org/packages/1f/dd/1f269e4daf0c992f675e1ca2de6b1683b761c6d0aeb6c7b4b412486823ea/wrapt-2.4.0-cp314-cp314-macosx_10_15_x86_64.whl", hash = "sha256:788e473d1a6786d29d577b1e2bd95e214c09cdafde84907c522c31069c9acfac", size = 96386, upload-time = "2026-08-30T04:40:17.584Z" },
    { url = "https://files.pythonhosted.org/packages/be/42/7ecef06d33c0121c68d66a8a695efe67ebaa57218c1c61c585eca2a6117a/wrapt-2.4.0-cp314-cp314-macosx_11_0_arm64.whl", hash = "sha256:947bd4b3438167b3638bf5477cb83a068a586ffb6d331ac427f39839c2b93b3c", size = 96532, upload-time = "2026-08-30T04:40:19.116Z" },
    { url = "https://files.pythonhosted.org/packages/c2/e3/8fdc9eba0e6cbbfe8303e1e807d734691309a27970b2ea458d099f1a46b0/wrapt-2.4.0-cp314-cp314-manylinux1_x86_64.manylinux_2_28_x86_64.manylinux_2_5_x86_64.whl", hash = "sha256:3a69161cae7f0dca44c89c1d14146b4a0508a0c3cad98b3f2db1f4e9016c94ba", size = 228775, upload-time = "2026-08-30T04:40:20.604Z" },
    { url = "https://files.pythonhosted.org/packages/f4/77/4ac5882abfb29bf9821c5fa5cf9f30241a194e0f47faa2682b9b29765278/wrapt-2.4.0-cp314-cp314-manylinux2014_aarch64.manylinux_2_17_aarch64.manylinux_2_28_aarch64.whl", hash = "sha256:0536f5d85ff6a157ebe7e0fe08c5479943742cf1ce59569075a66159efcbc495", size = 229029, upload-time = "2026-08-30T04:40:22.186Z" },
    { url = "https://files.pythonhosted.org/packages/c9/c5/8a3608311a02faf3e5c072da38d06a7c623150fc258e29f18fe377d91703/wrapt-2.4.0-cp314-cp314-manylinux_2_31_riscv64.manylinux_2_39_riscv64.whl", hash = "sha256:5f041ed6a4d571010944bd6cfad9072db463e1851877b6d3227467a44af37456", size = 210436, upload-time = "2026-08-30T04:40:23.953Z" },
    { url = "https://files.pythonhosted.org/packages/de/90/e0cbc43f435fd39df25460e9f173e7b96f3dac5c7f66be41c7227166f021/wrapt-2.4.0-cp314-cp314-musllinux_1_2_aarch64.whl", hash = "sha256:f7fed45dbadf5d98a52bfff9624d3cca00affeb9543d493c9632b7a53cdd35c9", size = 226586, upload-time = "2026-08-30T04:40:25.507Z" },
    { url = "https://files.pythonhosted.org/packages/81/6c/7e5f2143228635ec139ef6df733dc477049f7d96a0c49deb23944a73ed6a/wrapt-2.4.0-cp314-cp314-musllinux_1_2_riscv64.whl", hash = "sha256:5cc2e7c7b6032e11a2b367a9baadaf0c5241feff2d8205260d87f1aa6dbdf84b", size = 208880, upload-time = "2026-08-30T04:40:27.128Z" },
    { url = "https://files.pythonhosted.org/packages/10/16/1de84402bb7a0916e10739bf6586e031244172b299e87c8cff2a04baf9ff/wrapt-2.4.0-cp314-cp314-musllinux_1_2_x86_64.whl", hash = "sha256:72826910a1cf5a081234720fd43011304b899acfee219af49148155b4d795533", size = 216689, upload-time = "2026-08-30T04:40:28.844Z" },
    { url = "https://files.pythonhosted.org/packages/20/19/cd6bd5050381a541b44be97c4e0994eed60c5f439f4314f95eb5777d6c1a/wrapt-2.4.0-cp314-cp314-win32.whl", hash = "sha256:0eca69c9e93518240abe8801fb9b2726116a6e48172e4564c2651a2e14521747", size = 91581, upload-time = "2026-08-30T04:40:30.592Z" },
    { url = "https://files.pythonhosted.org/packages/a4/f8/b642f3184619adde676ad449030bcbeae6cc78ea07a92f0b5fddeec4c4e6/wrapt-2.4.0-cp314-cp314-win_amd64.whl", hash = "sha256:63b94f401d7ae3a9a3027472fd3a3ff38afd2ed293b2f0b3b84a6d133a9f99a3", size = 96510, upload-time = "2026-08-30T04:40:32.1Z" },
    { url = "https://files.pythonhosted.org/packages/4d/3b/3415a18b91221261eeac85bf8ee23dfb0e2a39d76b9703a797efca177439/wrapt-2.4.0-cp314-cp314-win_arm64.whl", hash = "sha256:6b3e082d43f592fcd381aee46354a11ce887a813ce5bbcedd9766fd681723c09", size = 93648, upload-time = "2026-08-30T04:40:33.563Z" },
    { url = "https://files.pythonhosted.org/packages/ac/90/80cf6a09e9599a11249775928df9bb790b82471e4312b847a861ffb2c2ed/wrapt-2.4.0-cp314-cp314t-macosx_10_15_x86_64.whl", hash = "sha256:09064c7be688c38c3ff125ce86bc26b69b5d78dd56062c3ddd9c814b2a25f1e1", size = 99615, upload-time = "2026-08-30T04:40:35.134Z" },
    { url = "https://files.pythonhosted.org/packages/b2/da/c1d3245abb911a42584f8f7e9781995bdc41345c7affba75cf7e376c85ac/wrapt-2.4.0-cp314-cp314t-macosx_11_0_arm64.whl", hash = "sha256:4f8ddff4bbb75916be36da5169b8b9d475b59a1bd24acdb7551bb2c71be9aaac", size = 100031, upload-time = "2026-08-30T04:40:36.641Z" },
    { url = "https://files.pythonhosted.org/packages/84/46/8ec4941d0abbb010df7caf0a34840ca0128177389843b0f5ef2f9ee48ac5/wrapt-2.4.0-cp314-cp314t-manylinux1_x86_64.manylinux_2_28_x86_64.manylinux_2_5_x86_64.whl", hash = "sha256:e9f8017443595870aa31f46125553a5c55ce95a26a267b96261baee6ba566d83", size = 269389, upload-time = "2026-08-30T04:40:38.212Z" },
    { url = "https://files.pythonhosted.org/packages/14/b5/a0ae1b431cc1f49a545d32b8b678a5788c50583ecf0ecb85dc0c7f95b4f6/wrapt-2.4.0-cp314-cp314t-manylinux2014_aarch64.manylinux_2_17_aarch64.manylinux_2_28_aarch64.whl", hash = "sha256:328eb2d978ca3a6ae25f8d8fe560bf8f4bc9778b5932e7b142664eef05b92e8f", size = 281081, upload-time = "2026-08-30T04:40:40.045Z" },
    { url = "https://files.pythonhosted.org/packages/c7/24/dfaf53dd3bdb0703524a9367b48e2a64ea86433fcc854b5f14be6a8e0e39/wrapt-2.4.0-cp314-cp314t-manylinux_2_31_riscv64.manylinux_2_39_riscv64.whl", hash = "sha256:7a057d376d994da6bd1bbf955ecfda699aa7353826f98847f5605e1801abdfd4", size = 249637, upload-time = "2026-08-30T04:40:41.657Z" },
    { url = "https://files.pythonhosted.org/packages/3e/27/bdd82044d7503c2bfa78afcc89881f82a1b82b5d2013aabab853d339ce2a/wrapt-2.4.0-cp314-cp314t-musllinux_1_2_aarch64.whl", hash = "sha256:3367a5212212c9393e0d3ca6ae029b3a8fa40c5896e4a985d43fe8a4b8322f0d", size = 275322, upload-time = "2026-08-30T04:40:43.408Z" },
    { url = "https://files.pythonhosted.org/packages/c4/82/04f4228eb3fb348d660dd1ea7225e53665b1809df2273ff4861d4d33b741/wrapt-2.4.0-cp314-cp314t-musllinux_1_2_riscv64.whl", hash = "sha256:c4fca1e63af6675af3df7cdfcd5a0c878b5e655c7e48611ced9dc8d62183a11d", size = 247292, upload-time = "2026-08-30T04:40:45.457Z" },
    { url = "https://files.pythonhosted.org/packages/a2/20/67b2968fa9200458446c51b36a435adb6906083428b70fafb4caf92d4dc2/wrapt-2.4.0-cp314-cp314t-musllinux_1_2_x86_64.whl", hash = "sha256:694005fdc3002ade0f21641408c588028abde03c85961f3ba7727d8bead3ed6b", size = 264586, upload-time = "2026-08-30T04:40:47.079Z" },
    { url = "https://files.pythonhosted.org/packages/d7/fd/0db9ba03e08a7663f52455e95520c723f567bc037bffc6699950fcc456c4/wrapt-2.4.0-cp314-cp314t-win32.whl", hash = "sha256:332d9bad7e9b718974bb2a576504c4956f45b4a0fcd7b3bb7827279167550464", size = 93752, upload-time = "2026-08-30T04:40:48.81Z" },
    { url = "https://files.pythonhosted.org/packages/3f/87/ced171220935c696b157207385fa6be5675558a74655479f071d95a00f1d/wrapt-2.4.0-cp314-cp314t-win_amd64.whl", hash = "sha256:6d57264c9dfcf37d2bf0b0fbec68d0f6184fc5617267619ada04d03e8b0231f3", size = 99890, upload-time = "2026-08-30T04:40:50.407Z" },
    { url = "https://files.pythonhosted.org/packages/a3/af/4a10c9a6d3b7ae41f830978c28d33a59ceb29537bd6875d2abfe78db4b41/wrapt-2.4.0-cp314-cp314t-win_arm64.whl", hash = "sha256:f43af38a642c3d6062e9740d8f5cc0feb5dbe0da516702df892147393b8cb14d", size = 96033, upload-time = "2026-08-30T04:40:51.933Z" },
    { url = "https://files.pythonhosted.org/packages/a0/df/3a0b6225ab88bd47090df70391c059a3308057638f8fc0ae32e8ac9d1886/wrapt-2.4.0-cp315-cp315-macosx_10_15_x86_64.whl", hash = "sha256:430fde1a116df3ceb5c29035de1da6609b70e680d9b8ce3ee624422f3fe0978c", size = 96389, upload-time = "2026-08-30T04:40:53.555Z" },
    { url = "https://files.pythonhosted.org/packages/ea/6f/803b0d0e14de11781f0e938e6f7d6e29e79652139fe70d7513460357ac78/wrapt-2.4.0-cp315-cp315-macosx_11_0_arm64.whl", hash = "sha256:7d28f8f35a02d49f75f57fa4e755db4ba33f65841c0de64cd65b253916f5bf06", size = 96557, upload-time = "2026-08-30T04:40:55.033Z" },
    { url = "https://files.pythonhosted.org/packages/aa/e8/46571e1218d0494604a7aadc4c898c738c4b179052327ee1e57e278cebd6/wrapt-2.4.0-cp315-cp315-manylinux1_x86_64.manylinux_2_28_x86_64.manylinux_2_5_x86_64.whl", hash = "sha256:efd9a4be6785295e471f71efdf5682bd11d5b822b9665e6e1b4844917cf2f7ac", size = 229230, upload-time = "2026-08-30T04:40:56.703Z" },
    { url = "https://files.pythonhosted.org/packages/78/2e/0cab15fcaec56096a5734feace3620bc01edc885653be04bd756f84a6784/wrapt-2.4.0-cp315-cp315-manylinux2014_aarch64.manylinux_2_17_aarch64.manylinux_2_28_aarch64.whl", hash = "sha256:75529a2fb569a671cf162f762c1b576f569f571b55ec7f3481258ca842ba507f", size = 229444, upload-time = "2026-08-30T04:40:58.51Z" },
    { url = "https://files.pythonhosted.org/packages/e7/9e/a92c049371a2675f98a0381ab2951f984866d1ba4de0e0771d6a31fdaa2b/wrapt-2.4.0-cp315-cp315-manylinux_2_31_riscv64.manylinux_2_39_riscv64.whl", hash = "sha256:66e7512c0d324cc37bba1def2be1fc365cbb685d3aa393a8f6f4d2d00202881d", size = 212482, upload-time = "2026-08-30T04:41:00.224Z" },
    { url = "https://files.pythonhosted.org/packages/ee/3b/8b5b57d0ff24edcd3421dbaeb4e94c89be3616824e47708f4e13f25ae3d7/wrapt-2.4.0-cp315-cp315-musllinux_1_2_aarch64.whl", hash = "sha256:5f3bdfc35c83b562fcaebc0f24593045e5ed9f3b633adafd35222718a0ec38fa", size = 227017, upload-time = "2026-08-30T04:41:01.918Z" },
    { url = "https://files.pythonhosted.org/packages/0e/20/124b40bfd9585848db5a5aa6741d0c8dbf378dd995c6c2d95f090d9cf540/wrapt-2.4.0-cp315-cp315-musllinux_1_2_riscv64.whl", hash = "sha256:d5f45bead708e2c0014be5e98531ce7202916b098a208c7be83c6ceb0a2559fa", size = 210498, upload-time = "2026-08-30T04:41:03.617Z" },
    { url = "https://files.pythonhosted.org/packages/4b/bf/89db9d5a80a9f2af52b24bdfdb5392be80bc0f0fd39fc39d1aab72afd0bd/wrapt-2.4.0-cp315-cp315-musllinux_1_2_x86_64.whl", hash = "sha256:d294576fddac636589e4deccfe782e8f429da10f167c1985c4d51071de3672b7", size = 217046, upload-time = "2026-08-30T04:41:05.473Z" },
    { url = "https://files.pythonhosted.org/packages/3b/0b/021c9d6ce64c639894bffdaa7a895ddd4187abfefb2873ce55e536cd9d56/wrapt-2.4.0-cp315-cp315-win32.whl", hash = "sha256:0191d717dfbb8e519e7bfd4775e5b9bd57e359b3a09ab5db1ea47f6025b4d845", size = 91591, upload-time = "2026-08-30T04:41:07.086Z" },
    { url = "https://files.pythonhosted.org/packages/fd/d3/6ebd944041cea0ac4a108a4739510ed2dc891a3f3216e4f7bf0650f5b5a6/wrapt-2.4.0-cp315-cp315-win_amd64.whl", hash = "sha256:e8df31a126a0a247c1aa379e30873839de03912dea09ca360c680f3625d815df", size = 96517, upload-time = "2026-08-30T04:41:08.671Z" },
    { url = "https://files.pythonhosted.org/packages/96/84/7c5e52e450f80ba76fd0282dccf7c79cd004ebd8ccabd0903064d3d2c56e/wrapt-2.4.0-cp315-cp315-win_arm64.whl", hash = "sha256:e9e7e94472f0e3f1447caf27e1939eb384d0e87972a35a05f5c2e0968e9c01af", size = 93652, upload-time = "2026-08-30T04:41:10.258Z" },
    { url = "https://files.pythonhosted.org/packages/35/89/f08ff45d7646de29750932805cc3b1e86b6ac3128015b293ed45fa8efe86/wrapt-2.4.0-cp315-cp315t-macosx_10_15_x86_64.whl", hash = "sha256:8828369b7d3e93c547cc8ad931b5a57b4e8d174035c82762fb1091e7d05ac9f5", size = 99610, upload-time = "2026-08-30T04:41:11.933Z" },
    { url = "https://files.pythonhosted.org/packages/4b/c2/f9a3c40901a36c6bb7ecaff8e1e54af78fa7fa0b95a0e54d13d3a24c8a0a/wrapt-2.4.0-cp315-cp315t-macosx_11_0_arm64.whl", hash = "sha256:413e757dce7a43fcda8bb8441994b1127492ffac6a5803af777d44516df8c6e2", size = 100064, upload-time = "2026-08-30T04:41:13.492Z" },
    { url = "https://files.pythonhosted.org/packages/0b/e1/e2437f17f2a1ec292056e2fcafe1248269ebc39502f2ffe79424bf86f8a6/wrapt-2.4.0-cp315-cp315t-manylinux1_x86_64.manylinux_2_28_x86_64.manylinux_2_5_x86_64.whl", hash = "sha256:75944792cf6b99262d649d55710bf5901f7013fbb212c7a1d736b97a20517607", size = 269421, upload-time = "2026-08-30T04:41:15.238Z" },
    { url = "https://files.pythonhosted.org/packages/c6/d0/c98d6548dc4c7d12ab9baa192234ca1a57e141afd283252b448faddbd9ef/wrapt-2.4.0-cp315-cp315t-manylinux2014_aarch64.manylinux_2_17_aarch64.manylinux_2_28_aarch64.whl", hash = "sha256:648d1d4f94e8a0a1656675c755f40d2f0ee5fe92c449ab45326f4ecc2738cbe8", size = 281452, upload-time = "2026-08-30T04:41:16.939Z" },
    { url = "https://files.pythonhosted.org/packages/a3/57/673168e00aa03725148ce621ed201b75df4e787a57acd48fecefd2725600/wrapt-2.4.0-cp315-cp315t-manylinux_2_31_riscv64.manylinux_2_39_riscv64.whl", hash = "sha256:a112a1bfdd2621e4344cb0a32dbaab80636b32dac1b055d03fbb2a67d806d1db", size = 250358, upload-time = "2026-08-30T04:41:18.716Z" },
    { url = "https://files.pythonhosted.org/packages/78/0b/f2e576de5bf53ef5b578470104ea93f33e273a704c825131bc1719fffc42/wrapt-2.4.0-cp315-cp315t-musllinux_1_2_aarch64.whl", hash = "sha256:0972cd025f4c86fa2d8abd953d9f875779935343af58b4ce019ff89573fc65bd", size = 275654, upload-time = "2026-08-30T04:41:20.418Z" },
    { url = "https://files.pythonhosted.org/packages/33/7f/9347b2e236346b1ba4cb28b82b205b8a377bb2da9417cb81bbe3d25816d7/wrapt-2.4.0-cp315-cp315t-musllinux_1_2_riscv64.whl", hash = "sha256:c246aaed719dcdb62eeb7b8d9306a6237777226ef3baad35919c4ae134c91ce7", size = 248662, upload-time = "2026-08-30T04:41:22.371Z" },
    { url = "https://files.pythonhosted.org/packages/a5/36/3b84d9e1ac8393bf2c94272760a2d361dc394ac30301e6d6dbd6583ade2d/wrapt-2.4.0-cp315-cp315t-musllinux_1_2_x86_64.whl", hash = "sha256:1656de3835f760781c9b974bce07d8c04edb9c9ad7ad67264aee69cd68a1db09", size = 264813, upload-time = "2026-08-30T04:41:24.116Z" },
    { url = "https://files.pythonhosted.org/packages/6e/a2/de7b1de1702667b4a048318e301e26887268c17b07c8b9797cea06b10aee/wrapt-2.4.0-cp315-cp315t-win32.whl", hash = "sha256:d8e6e1e5dc684dfce7c33fc8b67a08ba2af94f3a45cfc70d5c1d6a839d2caf97", size = 93753, upload-time = "2026-08-30T04:41:25.793Z" },
    { url = "https://files.pythonhosted.org/packages/09/50/4e7ef58c4eb058861ceddc0d1f94a6ed87f62e1cb27783c60b2897ef7e58/wrapt-2.4.0-cp315-cp315t-win_amd64.whl", hash = "sha256:85ed3c67fd39e8d9a36c224758cb6f2f4eb277d07ea677930caa0008c18ec002", size = 99888, upload-time = "2026-08-30T04:41:27.305Z" },
    { url = "https://files.pythonhosted.org/packages/68/64/d15740c763dd0ddea2338ad42e3bd4a84f8702e16083e7ff61674c504a13/wrapt-2.4.0-cp315-cp315t-win_arm64.whl", hash = "sha256:36b56a4fba13b34ed8ff307557325fff215de0a58b5dbaef2c50e4d8aa39dbd1", size = 96039, upload-time = "2026-08-30T04:41:29.062Z" },
    { url = "https://files.pythonhosted.org/packages/79/c8/fafe0002f572ced999c792cfe8b05d39269c63d8193d15d25bd828bcad7a/wrapt-2.4.0-py3-none-any.whl", hash = "sha256:18aabd9301d06026f5900538051773d6f87f65ae02cdc60de482df978513dc0a", size = 73713, upload-time = "2026-08-30T04:41:49.805Z" },
]
